// !$*UTF8*$!
{
	archiveVersion = 1;
	classes = {
	};
	objectVersion = 51;
	objects = {

/* Begin PBXBuildFile section */
		38B06FAF234F805A006964CF /* AppDelegate.swift in Sources */ = {isa = PBXBuildFile; fileRef = 38B06FAE234F805A006964CF /* AppDelegate.swift */; };
		38B06FB1234F805A006964CF /* SceneDelegate.swift in Sources */ = {isa = PBXBuildFile; fileRef = 38B06FB0234F805A006964CF /* SceneDelegate.swift */; };
		38B06FB3234F805A006964CF /* ViewController.swift in Sources */ = {isa = PBXBuildFile; fileRef = 38B06FB2234F805A006964CF /* ViewController.swift */; };
		38B06FB6234F805A006964CF /* Main.storyboard in Resources */ = {isa = PBXBuildFile; fileRef = 38B06FB4234F805A006964CF /* Main.storyboard */; };
		38B06FB8234F805C006964CF /* Assets.xcassets in Resources */ = {isa = PBXBuildFile; fileRef = 38B06FB7234F805C006964CF /* Assets.xcassets */; };
		38B06FBB234F805C006964CF /* LaunchScreen.storyboard in Resources */ = {isa = PBXBuildFile; fileRef = 38B06FB9234F805C006964CF /* LaunchScreen.storyboard */; };
		38B06FC6234F8098006964CF /* theme.json in Resources */ = {isa = PBXBuildFile; fileRef = 38B06FC3234F8098006964CF /* theme.json */; };
		38B06FC7234F8098006964CF /* Localizable.strings in Resources */ = {isa = PBXBuildFile; fileRef = 38B06FC4234F8098006964CF /* Localizable.strings */; };
		5BF7EA61A736B87B5B735852 /* Pods_PopdeemSwiftSample.framework in Frameworks */ = {isa = PBXBuildFile; fileRef = 154769EBB4334C1889174A1C /* Pods_PopdeemSwiftSample.framework */; };
/* End PBXBuildFile section */

/* Begin PBXFileReference section */
		154769EBB4334C1889174A1C /* Pods_PopdeemSwiftSample.framework */ = {isa = PBXFileReference; explicitFileType = wrapper.framework; includeInIndex = 0; path = Pods_PopdeemSwiftSample.framework; sourceTree = BUILT_PRODUCTS_DIR; };
		38B06FAB234F805A006964CF /* PopdeemSwiftSample.app */ = {isa = PBXFileReference; explicitFileType = wrapper.application; includeInIndex = 0; path = PopdeemSwiftSample.app; sourceTree = BUILT_PRODUCTS_DIR; };
		38B06FAE234F805A006964CF /* AppDelegate.swift */ = {isa = PBXFileReference; lastKnownFileType = sourcecode.swift; path = AppDelegate.swift; sourceTree = "<group>"; };
		38B06FB0234F805A006964CF /* SceneDelegate.swift */ = {isa = PBXFileReference; lastKnownFileType = sourcecode.swift; path = SceneDelegate.swift; sourceTree = "<group>"; };
		38B06FB2234F805A006964CF /* ViewController.swift */ = {isa = PBXFileReference; lastKnownFileType = sourcecode.swift; path = ViewController.swift; sourceTree = "<group>"; };
		38B06FB5234F805A006964CF /* Base */ = {isa = PBXFileReference; lastKnownFileType = file.storyboard; name = Base; path = Base.lproj/Main.storyboard; sourceTree = "<group>"; };
		38B06FB7234F805C006964CF /* Assets.xcassets */ = {isa = PBXFileReference; lastKnownFileType = folder.assetcatalog; path = Assets.xcassets; sourceTree = "<group>"; };
		38B06FBA234F805C006964CF /* Base */ = {isa = PBXFileReference; lastKnownFileType = file.storyboard; name = Base; path = Base.lproj/LaunchScreen.storyboard; sourceTree = "<group>"; };
		38B06FC2234F8098006964CF /* Info.plist */ = {isa = PBXFileReference; fileEncoding = 4; lastKnownFileType = text.plist.xml; path = Info.plist; sourceTree = "<group>"; };
		38B06FC3234F8098006964CF /* theme.json */ = {isa = PBXFileReference; fileEncoding = 4; lastKnownFileType = text.json; path = theme.json; sourceTree = "<group>"; };
		38B06FC4234F8098006964CF /* Localizable.strings */ = {isa = PBXFileReference; fileEncoding = 4; lastKnownFileType = text.plist.strings; path = Localizable.strings; sourceTree = "<group>"; };
		38B06FC8234F85EE006964CF /* PopdeemSwift-Bridging-Header.h */ = {isa = PBXFileReference; lastKnownFileType = sourcecode.c.h; path = "PopdeemSwift-Bridging-Header.h"; sourceTree = "<group>"; };
		7A7E08B17C7C97AED83D1C09 /* Pods-PopdeemSwiftSample.debug.xcconfig */ = {isa = PBXFileReference; includeInIndex = 1; lastKnownFileType = text.xcconfig; name = "Pods-PopdeemSwiftSample.debug.xcconfig"; path = "Target Support Files/Pods-PopdeemSwiftSample/Pods-PopdeemSwiftSample.debug.xcconfig"; sourceTree = "<group>"; };
		CA2AE69FFB035999FF93B782 /* Pods-PopdeemSwiftSample.release.xcconfig */ = {isa = PBXFileReference; includeInIndex = 1; lastKnownFileType = text.xcconfig; name = "Pods-PopdeemSwiftSample.release.xcconfig"; path = "Target Support Files/Pods-PopdeemSwiftSample/Pods-PopdeemSwiftSample.release.xcconfig"; sourceTree = "<group>"; };
/* End PBXFileReference section */

/* Begin PBXFrameworksBuildPhase section */
		38B06FA8234F805A006964CF /* Frameworks */ = {
			isa = PBXFrameworksBuildPhase;
			buildActionMask = 2147483647;
			files = (
				5BF7EA61A736B87B5B735852 /* Pods_PopdeemSwiftSample.framework in Frameworks */,
			);
			runOnlyForDeploymentPostprocessing = 0;
		};
/* End PBXFrameworksBuildPhase section */

/* Begin PBXGroup section */
		38B06FA2234F805A006964CF = {
			isa = PBXGroup;
			children = (
				38B06FC8234F85EE006964CF /* PopdeemSwift-Bridging-Header.h */,
				38B06FAD234F805A006964CF /* PopdeemSwiftSample */,
				38B06FAC234F805A006964CF /* Products */,
				73DD6C356D281C23DD3797E7 /* Pods */,
				3EA4F76B83209DF4E1C076B6 /* Frameworks */,
			);
			sourceTree = "<group>";
		};
		38B06FAC234F805A006964CF /* Products */ = {
			isa = PBXGroup;
			children = (
				38B06FAB234F805A006964CF /* PopdeemSwiftSample.app */,
			);
			name = Products;
			sourceTree = "<group>";
		};
		38B06FAD234F805A006964CF /* PopdeemSwiftSample */ = {
			isa = PBXGroup;
			children = (
				38B06FAE234F805A006964CF /* AppDelegate.swift */,
				38B06FB0234F805A006964CF /* SceneDelegate.swift */,
				38B06FB2234F805A006964CF /* ViewController.swift */,
				38B06FB4234F805A006964CF /* Main.storyboard */,
				38B06FB7234F805C006964CF /* Assets.xcassets */,
				38B06FB9234F805C006964CF /* LaunchScreen.storyboard */,
				38B06FC2234F8098006964CF /* Info.plist */,
				38B06FC4234F8098006964CF /* Localizable.strings */,
				38B06FC3234F8098006964CF /* theme.json */,
			);
			path = PopdeemSwiftSample;
			sourceTree = "<group>";
		};
		3EA4F76B83209DF4E1C076B6 /* Frameworks */ = {
			isa = PBXGroup;
			children = (
				154769EBB4334C1889174A1C /* Pods_PopdeemSwiftSample.framework */,
			);
			name = Frameworks;
			sourceTree = "<group>";
		};
		73DD6C356D281C23DD3797E7 /* Pods */ = {
			isa = PBXGroup;
			children = (
				7A7E08B17C7C97AED83D1C09 /* Pods-PopdeemSwiftSample.debug.xcconfig */,
				CA2AE69FFB035999FF93B782 /* Pods-PopdeemSwiftSample.release.xcconfig */,
			);
			path = Pods;
			sourceTree = "<group>";
		};
/* End PBXGroup section */

/* Begin PBXNativeTarget section */
		38B06FAA234F805A006964CF /* PopdeemSwiftSample */ = {
			isa = PBXNativeTarget;
			buildConfigurationList = 38B06FBF234F805C006964CF /* Build configuration list for PBXNativeTarget "PopdeemSwiftSample" */;
			buildPhases = (
				6DF9D0B0D120E80A53F2C6A1 /* [CP] Check Pods Manifest.lock */,
				38B06FA7234F805A006964CF /* Sources */,
				38B06FA8234F805A006964CF /* Frameworks */,
				38B06FA9234F805A006964CF /* Resources */,
				64DF579EE8A20493EDFE25DB /* [CP] Embed Pods Frameworks */,
			);
			buildRules = (
			);
			dependencies = (
			);
			name = PopdeemSwiftSample;
			productName = PopdeemSwiftSample;
			productReference = 38B06FAB234F805A006964CF /* PopdeemSwiftSample.app */;
			productType = "com.apple.product-type.application";
		};
/* End PBXNativeTarget section */

/* Begin PBXProject section */
		38B06FA3234F805A006964CF /* Project object */ = {
			isa = PBXProject;
			attributes = {
				LastSwiftUpdateCheck = 1110;
				LastUpgradeCheck = 1110;
				ORGANIZATIONNAME = Popdeem;
				TargetAttributes = {
					38B06FAA234F805A006964CF = {
						CreatedOnToolsVersion = 11.1;
					};
				};
			};
			buildConfigurationList = 38B06FA6234F805A006964CF /* Build configuration list for PBXProject "PopdeemSwiftSample" */;
			compatibilityVersion = "Xcode 9.3";
			developmentRegion = en;
			hasScannedForEncodings = 0;
			knownRegions = (
				en,
				Base,
			);
			mainGroup = 38B06FA2234F805A006964CF;
			productRefGroup = 38B06FAC234F805A006964CF /* Products */;
			projectDirPath = "";
			projectRoot = "";
			targets = (
				38B06FAA234F805A006964CF /* PopdeemSwiftSample */,
			);
		};
/* End PBXProject section */

/* Begin PBXResourcesBuildPhase section */
		38B06FA9234F805A006964CF /* Resources */ = {
			isa = PBXResourcesBuildPhase;
			buildActionMask = 2147483647;
			files = (
				38B06FC6234F8098006964CF /* theme.json in Resources */,
				38B06FC7234F8098006964CF /* Localizable.strings in Resources */,
				38B06FBB234F805C006964CF /* LaunchScreen.storyboard in Resources */,
				38B06FB8234F805C006964CF /* Assets.xcassets in Resources */,
				38B06FB6234F805A006964CF /* Main.storyboard in Resources */,
			);
			runOnlyForDeploymentPostprocessing = 0;
		};
/* End PBXResourcesBuildPhase section */

/* Begin PBXShellScriptBuildPhase section */
		64DF579EE8A20493EDFE25DB /* [CP] Embed Pods Frameworks */ = {
			isa = PBXShellScriptBuildPhase;
			buildActionMask = 2147483647;
			files = (
			);
			inputFileListPaths = (
				"${PODS_ROOT}/Target Support Files/Pods-PopdeemSwiftSample/Pods-PopdeemSwiftSample-frameworks-${CONFIGURATION}-input-files.xcfilelist",
			);
			name = "[CP] Embed Pods Frameworks";
			outputFileListPaths = (
				"${PODS_ROOT}/Target Support Files/Pods-PopdeemSwiftSample/Pods-PopdeemSwiftSample-frameworks-${CONFIGURATION}-output-files.xcfilelist",
			);
			runOnlyForDeploymentPostprocessing = 0;
			shellPath = /bin/sh;
			shellScript = "\"${PODS_ROOT}/Target Support Files/Pods-PopdeemSwiftSample/Pods-PopdeemSwiftSample-frameworks.sh\"\n";
			showEnvVarsInLog = 0;
		};
		6DF9D0B0D120E80A53F2C6A1 /* [CP] Check Pods Manifest.lock */ = {
			isa = PBXShellScriptBuildPhase;
			buildActionMask = 2147483647;
			files = (
			);
			inputFileListPaths = (
			);
			inputPaths = (
				"${PODS_PODFILE_DIR_PATH}/Podfile.lock",
				"${PODS_ROOT}/Manifest.lock",
			);
			name = "[CP] Check Pods Manifest.lock";
			outputFileListPaths = (
			);
			outputPaths = (
				"$(DERIVED_FILE_DIR)/Pods-PopdeemSwiftSample-checkManifestLockResult.txt",
			);
			runOnlyForDeploymentPostprocessing = 0;
			shellPath = /bin/sh;
			shellScript = "diff \"${PODS_PODFILE_DIR_PATH}/Podfile.lock\" \"${PODS_ROOT}/Manifest.lock\" > /dev/null\nif [ $? != 0 ] ; then\n    # print error to STDERR\n    echo \"error: The sandbox is not in sync with the Podfile.lock. Run 'pod install' or update your CocoaPods installation.\" >&2\n    exit 1\nfi\n# This output is used by Xcode 'outputs' to avoid re-running this script phase.\necho \"SUCCESS\" > \"${SCRIPT_OUTPUT_FILE_0}\"\n";
			showEnvVarsInLog = 0;
		};
/* End PBXShellScriptBuildPhase section */

/* Begin PBXSourcesBuildPhase section */
		38B06FA7234F805A006964CF /* Sources */ = {
			isa = PBXSourcesBuildPhase;
			buildActionMask = 2147483647;
			files = (
				38B06FB3234F805A006964CF /* ViewController.swift in Sources */,
				38B06FAF234F805A006964CF /* AppDelegate.swift in Sources */,
				38B06FB1234F805A006964CF /* SceneDelegate.swift in Sources */,
			);
			runOnlyForDeploymentPostprocessing = 0;
		};
/* End PBXSourcesBuildPhase section */

/* Begin PBXVariantGroup section */
		38B06FB4234F805A006964CF /* Main.storyboard */ = {
			isa = PBXVariantGroup;
			children = (
				38B06FB5234F805A006964CF /* Base */,
			);
			name = Main.storyboard;
			sourceTree = "<group>";
		};
		38B06FB9234F805C006964CF /* LaunchScreen.storyboard */ = {
			isa = PBXVariantGroup;
			children = (
				38B06FBA234F805C006964CF /* Base */,
			);
			name = LaunchScreen.storyboard;
			sourceTree = "<group>";
		};
/* End PBXVariantGroup section */

/* Begin XCBuildConfiguration section */
		38B06FBD234F805C006964CF /* Debug */ = {
			isa = XCBuildConfiguration;
			buildSettings = {
				ALWAYS_SEARCH_USER_PATHS = NO;
				CLANG_ANALYZER_NONNULL = YES;
				CLANG_ANALYZER_NUMBER_OBJECT_CONVERSION = YES_AGGRESSIVE;
				CLANG_CXX_LANGUAGE_STANDARD = "gnu++14";
				CLANG_CXX_LIBRARY = "libc++";
				CLANG_ENABLE_MODULES = YES;
				CLANG_ENABLE_OBJC_ARC = YES;
				CLANG_ENABLE_OBJC_WEAK = YES;
				CLANG_WARN_BLOCK_CAPTURE_AUTORELEASING = YES;
				CLANG_WARN_BOOL_CONVERSION = YES;
				CLANG_WARN_COMMA = YES;
				CLANG_WARN_CONSTANT_CONVERSION = YES;
				CLANG_WARN_DEPRECATED_OBJC_IMPLEMENTATIONS = YES;
				CLANG_WARN_DIRECT_OBJC_ISA_USAGE = YES_ERROR;
				CLANG_WARN_DOCUMENTATION_COMMENTS = YES;
				CLANG_WARN_EMPTY_BODY = YES;
				CLANG_WARN_ENUM_CONVERSION = YES;
				CLANG_WARN_INFINITE_RECURSION = YES;
				CLANG_WARN_INT_CONVERSION = YES;
				CLANG_WARN_NON_LITERAL_NULL_CONVERSION = YES;
				CLANG_WARN_OBJC_IMPLICIT_RETAIN_SELF = YES;
				CLANG_WARN_OBJC_LITERAL_CONVERSION = YES;
				CLANG_WARN_OBJC_ROOT_CLASS = YES_ERROR;
				CLANG_WARN_RANGE_LOOP_ANALYSIS = YES;
				CLANG_WARN_STRICT_PROTOTYPES = YES;
				CLANG_WARN_SUSPICIOUS_MOVE = YES;
				CLANG_WARN_UNGUARDED_AVAILABILITY = YES_AGGRESSIVE;
				CLANG_WARN_UNREACHABLE_CODE = YES;
				CLANG_WARN__DUPLICATE_METHOD_MATCH = YES;
				COPY_PHASE_STRIP = NO;
				DEBUG_INFORMATION_FORMAT = dwarf;
				ENABLE_STRICT_OBJC_MSGSEND = YES;
				ENABLE_TESTABILITY = YES;
				GCC_C_LANGUAGE_STANDARD = gnu11;
				GCC_DYNAMIC_NO_PIC = NO;
				GCC_NO_COMMON_BLOCKS = YES;
				GCC_OPTIMIZATION_LEVEL = 0;
				GCC_PREPROCESSOR_DEFINITIONS = (
					"DEBUG=1",
					"$(inherited)",
				);
				GCC_WARN_64_TO_32_BIT_CONVERSION = YES;
				GCC_WARN_ABOUT_RETURN_TYPE = YES_ERROR;
				GCC_WARN_UNDECLARED_SELECTOR = YES;
				GCC_WARN_UNINITIALIZED_AUTOS = YES_AGGRESSIVE;
				GCC_WARN_UNUSED_FUNCTION = YES;
				GCC_WARN_UNUSED_VARIABLE = YES;
				IPHONEOS_DEPLOYMENT_TARGET = 9.0;
				MTL_ENABLE_DEBUG_INFO = INCLUDE_SOURCE;
				MTL_FAST_MATH = YES;
				ONLY_ACTIVE_ARCH = YES;
				SDKROOT = iphoneos;
				SWIFT_ACTIVE_COMPILATION_CONDITIONS = DEBUG;
				SWIFT_OPTIMIZATION_LEVEL = "-Onone";
			};
			name = Debug;
		};
		38B06FBE234F805C006964CF /* Release */ = {
			isa = XCBuildConfiguration;
			buildSettings = {
				ALWAYS_SEARCH_USER_PATHS = NO;
				CLANG_ANALYZER_NONNULL = YES;
				CLANG_ANALYZER_NUMBER_OBJECT_CONVERSION = YES_AGGRESSIVE;
				CLANG_CXX_LANGUAGE_STANDARD = "gnu++14";
				CLANG_CXX_LIBRARY = "libc++";
				CLANG_ENABLE_MODULES = YES;
				CLANG_ENABLE_OBJC_ARC = YES;
				CLANG_ENABLE_OBJC_WEAK = YES;
				CLANG_WARN_BLOCK_CAPTURE_AUTORELEASING = YES;
				CLANG_WARN_BOOL_CONVERSION = YES;
				CLANG_WARN_COMMA = YES;
				CLANG_WARN_CONSTANT_CONVERSION = YES;
				CLANG_WARN_DEPRECATED_OBJC_IMPLEMENTATIONS = YES;
				CLANG_WARN_DIRECT_OBJC_ISA_USAGE = YES_ERROR;
				CLANG_WARN_DOCUMENTATION_COMMENTS = YES;
				CLANG_WARN_EMPTY_BODY = YES;
				CLANG_WARN_ENUM_CONVERSION = YES;
				CLANG_WARN_INFINITE_RECURSION = YES;
				CLANG_WARN_INT_CONVERSION = YES;
				CLANG_WARN_NON_LITERAL_NULL_CONVERSION = YES;
				CLANG_WARN_OBJC_IMPLICIT_RETAIN_SELF = YES;
				CLANG_WARN_OBJC_LITERAL_CONVERSION = YES;
				CLANG_WARN_OBJC_ROOT_CLASS = YES_ERROR;
				CLANG_WARN_RANGE_LOOP_ANALYSIS = YES;
				CLANG_WARN_STRICT_PROTOTYPES = YES;
				CLANG_WARN_SUSPICIOUS_MOVE = YES;
				CLANG_WARN_UNGUARDED_AVAILABILITY = YES_AGGRESSIVE;
				CLANG_WARN_UNREACHABLE_CODE = YES;
				CLANG_WARN__DUPLICATE_METHOD_MATCH = YES;
				COPY_PHASE_STRIP = NO;
				DEBUG_INFORMATION_FORMAT = "dwarf-with-dsym";
				ENABLE_NS_ASSERTIONS = NO;
				ENABLE_STRICT_OBJC_MSGSEND = YES;
				GCC_C_LANGUAGE_STANDARD = gnu11;
				GCC_NO_COMMON_BLOCKS = YES;
				GCC_WARN_64_TO_32_BIT_CONVERSION = YES;
				GCC_WARN_ABOUT_RETURN_TYPE = YES_ERROR;
				GCC_WARN_UNDECLARED_SELECTOR = YES;
				GCC_WARN_UNINITIALIZED_AUTOS = YES_AGGRESSIVE;
				GCC_WARN_UNUSED_FUNCTION = YES;
				GCC_WARN_UNUSED_VARIABLE = YES;
				IPHONEOS_DEPLOYMENT_TARGET = 9.0;
				MTL_ENABLE_DEBUG_INFO = NO;
				MTL_FAST_MATH = YES;
				SDKROOT = iphoneos;
				SWIFT_COMPILATION_MODE = wholemodule;
				SWIFT_OPTIMIZATION_LEVEL = "-O";
				VALIDATE_PRODUCT = YES;
			};
			name = Release;
		};
		38B06FC0234F805C006964CF /* Debug */ = {
			isa = XCBuildConfiguration;
			baseConfigurationReference = 7A7E08B17C7C97AED83D1C09 /* Pods-PopdeemSwiftSample.debug.xcconfig */;
			buildSettings = {
				ASSETCATALOG_COMPILER_APPICON_NAME = AppIcon;
				CODE_SIGN_STYLE = Automatic;
				DEVELOPMENT_TEAM = S648X26U8J;
				INFOPLIST_FILE = PopdeemSwiftSample/Info.plist;
				LD_RUNPATH_SEARCH_PATHS = (
					"$(inherited)",
					"@executable_path/Frameworks",
				);
				PRODUCT_BUNDLE_IDENTIFIER = com.popdeem.PopdeemSwiftSample;
				PRODUCT_NAME = "$(TARGET_NAME)";
				SWIFT_VERSION = 5.0;
				TARGETED_DEVICE_FAMILY = "1,2";
			};
			name = Debug;
		};
		38B06FC1234F805C006964CF /* Release */ = {
			isa = XCBuildConfiguration;
			baseConfigurationReference = CA2AE69FFB035999FF93B782 /* Pods-PopdeemSwiftSample.release.xcconfig */;
			buildSettings = {
				ASSETCATALOG_COMPILER_APPICON_NAME = AppIcon;
				CODE_SIGN_STYLE = Automatic;
				DEVELOPMENT_TEAM = S648X26U8J;
				INFOPLIST_FILE = PopdeemSwiftSample/Info.plist;
				LD_RUNPATH_SEARCH_PATHS = (
					"$(inherited)",
					"@executable_path/Frameworks",
				);
				PRODUCT_BUNDLE_IDENTIFIER = com.popdeem.PopdeemSwiftSample;
				PRODUCT_NAME = "$(TARGET_NAME)";
				SWIFT_VERSION = 5.0;
				TARGETED_DEVICE_FAMILY = "1,2";
			};
			name = Release;
		};
/* End XCBuildConfiguration section */

/* Begin XCConfigurationList section */
		38B06FA6234F805A006964CF /* Build configuration list for PBXProject "PopdeemSwiftSample" */ = {
			isa = XCConfigurationList;
			buildConfigurations = (
				38B06FBD234F805C006964CF /* Debug */,
				38B06FBE234F805C006964CF /* Release */,
			);
			defaultConfigurationIsVisible = 0;
			defaultConfigurationName = Release;
		};
		38B06FBF234F805C006964CF /* Build configuration list for PBXNativeTarget "PopdeemSwiftSample" */ = {
			isa = XCConfigurationList;
			buildConfigurations = (
				38B06FC0234F805C006964CF /* Debug */,
				38B06FC1234F805C006964CF /* Release */,
			);
			defaultConfigurationIsVisible = 0;
			defaultConfigurationName = Release;
		};
/* End XCConfigurationList section */
	};
	rootObject = 38B06FA3234F805A006964CF /* Project object */;
}
